
Microsoft Visual Studio Solution File, Format Version 12.00
# Visual Studio 15
VisualStudioVersion = 15.0.27703.2018
MinimumVisualStudioVersion = 10.0.40219.1
Project("{FAE04EC0-301F-11D3-BF4B-00C04F79EFBC}") = "EmpMng", "EmpMng\EmpMng.csproj", "{24BC00F8-BBDF-4A9D-A43B-74E322A6DDAE}"
EndProject
Global
	GlobalSection(SolutionConfigurationPlatforms) = preSolution
		Debug|Any CPU = Debug|Any CPU
		Release|Any CPU = Release|Any CPU
	EndGlobalSection
	GlobalSection(ProjectConfigurationPlatforms) = postSolution
		{24BC00F8-BBDF-4A9D-A43B-74E322A6DDAE}.Debug|Any CPU.ActiveCfg = Debug|Any CPU
		{24BC00F8-BBDF-4A9D-A43B-74E322A6DDAE}.Debug|Any CPU.Build.0 = Debug|Any CPU
		{24BC00F8-BBDF-4A9D-A43B-74E322A6DDAE}.Release|Any CPU.ActiveCfg = Release|Any CPU
		{24BC00F8-BBDF-4A9D-A43B-74E322A6DDAE}.Release|Any CPU.Build.0 = Release|Any CPU
	EndGlobalSection
	GlobalSection(SolutionProperties) = preSolution
		HideSolutionNode = FALSE
	EndGlobalSection
	GlobalSection(ExtensibilityGlobals) = postSolution
		SolutionGuid = {BCC5E180-ECC8-409D-B773-FD342A55849D}
	EndGlobalSection
EndGlobal
